
Microsoft Visual Studio Solution File, Format Version 12.00
# Visual Studio 15
VisualStudioVersion = 15.0.28307.168
MinimumVisualStudioVersion = 10.0.40219.1
Project("{FAE04EC0-301F-11D3-BF4B-00C04F79EFBC}") = "Arkanoid", "Arkanoid\Arkanoid.csproj", "{E156B18D-0B05-4B04-B27B-AC60A0D130A8}"
EndProject
Project("{2150E333-8FDC-42A3-9474-1A3956D46DE8}") = "Solution Items", "Solution Items", "{C35EF398-85CB-409F-B8FC-B99669207FD4}"
	ProjectSection(SolutionItems) = preProject
		README.md = README.md
	EndProjectSection
EndProject
Global
	GlobalSection(SolutionConfigurationPlatforms) = preSolution
		Debug|Any CPU = Debug|Any CPU
		Release|Any CPU = Release|Any CPU
	EndGlobalSection
	GlobalSection(ProjectConfigurationPlatforms) = postSolution
		{E156B18D-0B05-4B04-B27B-AC60A0D130A8}.Debug|Any CPU.ActiveCfg = Debug|Any CPU
		{E156B18D-0B05-4B04-B27B-AC60A0D130A8}.Debug|Any CPU.Build.0 = Debug|Any CPU
		{E156B18D-0B05-4B04-B27B-AC60A0D130A8}.Release|Any CPU.ActiveCfg = Release|Any CPU
		{E156B18D-0B05-4B04-B27B-AC60A0D130A8}.Release|Any CPU.Build.0 = Release|Any CPU
	EndGlobalSection
	GlobalSection(SolutionProperties) = preSolution
		HideSolutionNode = FALSE
	EndGlobalSection
	GlobalSection(ExtensibilityGlobals) = postSolution
		SolutionGuid = {BBE86669-4774-489F-9779-91AD89FB8F93}
	EndGlobalSection
EndGlobal
